{
  "lockfileVersion": 1,
  "configVersion": 1,
  "workspaces": {
    "": {
      "name": "engrams-orchestrator",
      "dependencies": {
        "@bufbuild/protobuf": "^2.12.0",
        "@casl/ability": "^7.0.0",
        "@connectrpc/connect": "^2.1.1",
        "@connectrpc/connect-node": "^2.1.1",
        "hono": "^4.12.25",
      },
      "devDependencies": {
        "@types/bun": "^1.2.0",
        "@types/node": "^22.0.0",
        "typescript": "^5.7.0",
      },
    },
  },
  "packages": {
    "@bufbuild/protobuf": ["@bufbuild/protobuf@2.12.0", "", {}, "sha512-B/XlCaFIP8LOwzo+bz5uFzATYokcwCKQcghqnlfwSmM5eX/qTkvDBnDPs+gXtX/RyjxJ4DRikECcPJbyALA8FA=="],

    "@casl/ability": ["@casl/ability@7.0.0", "", { "dependencies": { "@ucast/mongo2js": "2.0.0" } }, "sha512-QhwRflkTucpdS2uw1XScrzLWbgLYJGvPoq2Xm5OjeRci3dwtPixxnjUKJ04Ss1ivNS9tZQ8y4sjWeelWsrwo4g=="],

    "@connectrpc/connect": ["@connectrpc/connect@2.1.1", "", { "peerDependencies": { "@bufbuild/protobuf": "2.12.0" } }, "sha512-JzhkaTvM73m2K1URT6tv53k2RwngSmCXLZJgK580qNQOXRzZRR/BCMfZw3h+90JpnG6XksP5bYT+cz0rpUzUWQ=="],

    "@connectrpc/connect-node": ["@connectrpc/connect-node@2.1.1", "", { "peerDependencies": { "@bufbuild/protobuf": "2.12.0", "@connectrpc/connect": "2.1.1" } }, "sha512-s3TfsI1XF+n+1z6MBS9rTnFsxxR4Rw5wmdEnkQINli81ESGxcsfaEet8duzq8LVuuCupmhUsgpRo0Nv9pZkufg=="],

    "@types/bun": ["@types/bun@1.3.14", "", { "dependencies": { "bun-types": "1.3.14" } }, "sha512-h1hFqFVcvAvD9j9K7ZW7vd82aSA+rTdznZa+5bwvCwqSB1jmmfLcbIWhOLx1/+boy/xmjgCs/OMUL8hRJSmnPw=="],

    "@types/node": ["@types/node@22.19.21", "", { "dependencies": { "undici-types": "~6.21.0" } }, "sha512-VMeFBSCKQKmm2swI2kW51SFusDqekC6q9trBCvJ/JliDchFSuoYYKN7yVNjPthP1HKZcx3U1gI/wTcEBjEFKTA=="],

    "@ucast/core": ["@ucast/core@2.0.0", "", {}, "sha512-4XVx6LzPXZGvnZO5jp39cm/G4UvuwvEdtmg+9+4+zl6uFkCcB7UJacvtMYeBE56GJVT99Zqy6Pii7dGJq3Kz9Q=="],

    "@ucast/js": ["@ucast/js@4.0.1", "", { "dependencies": { "@ucast/core": "2.0.0" } }, "sha512-9O5xPBvwEWQk2WvO69Eh2WJB8QljVZ2vRVdFvfnKjlZwWXcYxp1lqLBhwXBU1AtuSgCvKhJPkXdjKJggUmAmQQ=="],

    "@ucast/mongo": ["@ucast/mongo@3.0.0", "", { "dependencies": { "@ucast/core": "2.0.0" } }, "sha512-kwuSH+kdB4GCR0LGhy/PEDm4PCflur89AlK82kNiYD0FvsA8A/p+0sx7m+/R8mMFAlmlkAd3VXp7sM/cLLYWYg=="],

    "@ucast/mongo2js": ["@ucast/mongo2js@2.0.0", "", { "dependencies": { "@ucast/core": "2.0.0", "@ucast/js": "4.0.1", "@ucast/mongo": "3.0.0" } }, "sha512-vNBZzRnsfLr/TSxEoxz6W6hHQ5tmWsfEeC0nCq5z8RezC1AqIRy3cfHm8AGvlGtcn+cTSFQcZremfqnz6wm+nQ=="],

    "bun-types": ["bun-types@1.3.14", "", { "dependencies": { "@types/node": "*" } }, "sha512-4N0ig0fEomHt5R0KCFWjovxow98rIoRwKolrYdCcknNwMekCXRnWEUvgu5soYV8QXtVsrUD8B95MBOZGPvr6KQ=="],

    "hono": ["hono@4.12.25", "", {}, "sha512-2NFaIyNVgJmBs/ecmtGzlmluTFs5cHEWGTdu0t1HBwYzoGXOL5nUQBRMXsXWla5i4KkG//QMzVP88m1+I3fdAQ=="],

    "typescript": ["typescript@5.9.3", "", { "bin": { "tsc": "bin/tsc", "tsserver": "bin/tsserver" } }, "sha512-jl1vZzPDinLr9eUt3J/t7V6FgNEw9QjvBPdysz9KfQDD41fQrC2Y4vKQdiaUpFT4bXlb1RHhLpp8wtm6M5TgSw=="],

    "undici-types": ["undici-types@6.21.0", "", {}, "sha512-iwDZqg0QAGrg9Rav5H4n0M64c3mkR59cJ6wQp+7C4nI0gsmExaedaYLNO44eT4AtBBwjbTiGPMlt2Md0T9H9JQ=="],
  }
}
